<?xml version="1.0" encoding="utf-8"?>
<Project ToolsVersion="4.0" xmlns="http://schemas.microsoft.com/developer/msbuild/2003">
  <ItemGroup>
    <Filter Include="Source Files">
      <UniqueIdentifier>{4FC737F1-C7A5-4376-A066-2A32D752A2FF}</UniqueIdentifier>
      <Extensions>cpp;c;cc;cxx;c++;cppm;ixx;def;odl;idl;hpj;bat;asm;asmx</Extensions>
    </Filter>
    <Filter Include="Header Files">
      <UniqueIdentifier>{93995380-89BD-4b04-88EB-625FBE52EBFB}</UniqueIdentifier>
      <Extensions>h;hh;hpp;hxx;h++;hm;inl;inc;ipp;xsd</Extensions>
    </Filter>
    <Filter Include="nlohmann">
      <UniqueIdentifier>{811f9f3c-b72f-4a1c-b146-5002466ff936}</UniqueIdentifier>
    </Filter>
    <Filter Include="font">
      <UniqueIdentifier>{1ad5aa52-4f51-4c2a-8624-5827ee9e18c5}</UniqueIdentifier>
    </Filter>
    <Filter Include="Resource Files">
      <UniqueIdentifier>{a9edebd3-453c-4f08-86f5-a6f86c1fcd7d}</UniqueIdentifier>
    </Filter>
    <Filter Include="StreamerTypes">
      <UniqueIdentifier>{800899b8-254d-446e-a8ae-daf6faac30f6}</UniqueIdentifier>
    </Filter>
    <Filter Include="ico">
      <UniqueIdentifier>{8211fea7-2a49-4205-9bbb-4d7aaed1a7ee}</UniqueIdentifier>
    </Filter>
  </ItemGroup>
  <ItemGroup>
    <ClCompile Include="main.cpp">
      <Filter>Source Files</Filter>
    </ClCompile>
    <ClCompile Include="Config.cpp">
      <Filter>Source Files</Filter>
    </ClCompile>
    <ClCompile Include="Input.cpp">
      <Filter>Source Files</Filter>
    </ClCompile>
    <ClCompile Include="Osu.cpp">
      <Filter>StreamerTypes</Filter>
    </ClCompile>
    <ClCompile Include="ImageLoader.cpp">
      <Filter>Source Files</Filter>
    </ClCompile>
    <ClCompile Include="Drawing.cpp">
      <Filter>StreamerTypes</Filter>
    </ClCompile>
    <ClCompile Include="PlaybackRecorder.cpp">
      <Filter>Source Files</Filter>
    </ClCompile>
    <ClCompile Include="Audio.cpp">
      <Filter>Source Files</Filter>
    </ClCompile>
  </ItemGroup>
  <ItemGroup>
    <ClInclude Include="header.hpp">
      <Filter>Header Files</Filter>
    </ClInclude>
    <ClInclude Include="nlohmann\json.hpp">
      <Filter>nlohmann</Filter>
    </ClInclude>
    <ClInclude Include="Config.h">
      <Filter>Header Files</Filter>
    </ClInclude>
    <ClInclude Include="Input.h">
      <Filter>Header Files</Filter>
    </ClInclude>
    <ClInclude Include="resource.h">
      <Filter>Header Files</Filter>
    </ClInclude>
    <ClInclude Include="Osu.h">
      <Filter>StreamerTypes</Filter>
    </ClInclude>
    <ClInclude Include="StreamerType.h">
      <Filter>StreamerTypes</Filter>
    </ClInclude>
    <ClInclude Include="ImageLoader.h">
      <Filter>Header Files</Filter>
    </ClInclude>
    <ClInclude Include="Drawing.h">
      <Filter>StreamerTypes</Filter>
    </ClInclude>
    <ClInclude Include="Audio.h">
      <Filter>Header Files</Filter>
    </ClInclude>
    <ClInclude Include="PlaybackRecorder.h">
      <Filter>Header Files</Filter>
    </ClInclude>
  </ItemGroup>
  <ItemGroup>
    <Font Include="font\RobotoMono-Bold.ttf">
      <Filter>font</Filter>
    </Font>
  </ItemGroup>
  <ItemGroup>
    <ResourceCompile Include="LuveiaStreamerThing.rc">
      <Filter>Resource Files</Filter>
    </ResourceCompile>
  </ItemGroup>
  <ItemGroup>
    <Image Include="ico\icon64x64.ico">
      <Filter>ico</Filter>
    </Image>
  </ItemGroup>
</Project>